{
  "name": "asp.net",
  "version": "1.0.0",
  "lockfileVersion": 2,
  "requires": true,
  "packages": {
    "": {
      "name": "asp.net",
      "version": "1.0.0",
      "dependencies": {
        "formBuilder": "^3.8.3",
        "jquery": "^3.6.1",
        "pickerjs": "^1.2.1"
      }
    },
    "node_modules/formBuilder": {
      "version": "3.8.3",
      "resolved": "https://registry.npmjs.org/formBuilder/-/formBuilder-3.8.3.tgz",
      "integrity": "sha512-9Mxc/6LyWedsiEuktkxwPP+EEGkFP5xo2jTUnN37onmHgw3iX4nohc2AxaFODVVDDNAgX0X0bdHEhU7jIGogvg==",
      "dependencies": {
        "jquery": ">=3.4.1",
        "jquery-ui-sortable": "*"
      }
    },
    "node_modules/jquery": {
      "version": "3.6.1",
      "resolved": "https://registry.npmjs.org/jquery/-/jquery-3.6.1.tgz",
      "integrity": "sha512-opJeO4nCucVnsjiXOE+/PcCgYw9Gwpvs/a6B1LL/lQhwWwpbVEVYDZ1FokFr8PRc7ghYlrFPuyHuiiDNTQxmcw=="
    },
    "node_modules/jquery-ui-sortable": {
      "version": "1.0.0",
      "resolved": "https://registry.npmjs.org/jquery-ui-sortable/-/jquery-ui-sortable-1.0.0.tgz",
      "integrity": "sha512-7xAUWoEJ/jHoj48ei8CCUtiad2uM3ie3IR2b3KB0Mpmb54IbBxzVb5vtrj0zqtd0GNQDImx+BPZml9QmK2EL3w=="
    },
    "node_modules/pickerjs": {
      "version": "1.2.1",
      "resolved": "https://registry.npmjs.org/pickerjs/-/pickerjs-1.2.1.tgz",
      "integrity": "sha512-tGsSQiqaEm3fKyqCvyykxVpKPlHtJXNOgN62OEXH4kQtxeMwwTfqAvSUj4hE2BrAEs4VpSG3zH4Tmd0K0WFqmg=="
    }
  },
  "dependencies": {
    "formBuilder": {
      "version": "3.8.3",
      "resolved": "https://registry.npmjs.org/formBuilder/-/formBuilder-3.8.3.tgz",
      "integrity": "sha512-9Mxc/6LyWedsiEuktkxwPP+EEGkFP5xo2jTUnN37onmHgw3iX4nohc2AxaFODVVDDNAgX0X0bdHEhU7jIGogvg==",
      "requires": {
        "jquery": ">=3.4.1",
        "jquery-ui-sortable": "*"
      }
    },
    "jquery": {
      "version": "3.6.1",
      "resolved": "https://registry.npmjs.org/jquery/-/jquery-3.6.1.tgz",
      "integrity": "sha512-opJeO4nCucVnsjiXOE+/PcCgYw9Gwpvs/a6B1LL/lQhwWwpbVEVYDZ1FokFr8PRc7ghYlrFPuyHuiiDNTQxmcw=="
    },
    "jquery-ui-sortable": {
      "version": "1.0.0",
      "resolved": "https://registry.npmjs.org/jquery-ui-sortable/-/jquery-ui-sortable-1.0.0.tgz",
      "integrity": "sha512-7xAUWoEJ/jHoj48ei8CCUtiad2uM3ie3IR2b3KB0Mpmb54IbBxzVb5vtrj0zqtd0GNQDImx+BPZml9QmK2EL3w=="
    },
    "pickerjs": {
      "version": "1.2.1",
      "resolved": "https://registry.npmjs.org/pickerjs/-/pickerjs-1.2.1.tgz",
      "integrity": "sha512-tGsSQiqaEm3fKyqCvyykxVpKPlHtJXNOgN62OEXH4kQtxeMwwTfqAvSUj4hE2BrAEs4VpSG3zH4Tmd0K0WFqmg=="
    }
  }
}
